
Microsoft Visual Studio Solution File, Format Version 12.00
# Visual Studio Version 17
VisualStudioVersion = 17.0.31903.59
MinimumVisualStudioVersion = 10.0.40219.1
Project("{FAE04EC0-301F-11D3-BF4B-00C04F79EFBC}") = "api", "api\api.csproj", "{AB606A79-6B60-4AF8-880E-9CE311C01BA5}"
EndProject
Project("{FAE04EC0-301F-11D3-BF4B-00C04F79EFBC}") = "DataAccess", "DataAccess\DataAccess.csproj", "{58F9B10E-BDCA-4408-A494-7AF399E56BB9}"
EndProject
Global
	GlobalSection(SolutionConfigurationPlatforms) = preSolution
		Debug|Any CPU = Debug|Any CPU
		Release|Any CPU = Release|Any CPU
	EndGlobalSection
	GlobalSection(SolutionProperties) = preSolution
		HideSolutionNode = FALSE
	EndGlobalSection
	GlobalSection(ProjectConfigurationPlatforms) = postSolution
		{AB606A79-6B60-4AF8-880E-9CE311C01BA5}.Debug|Any CPU.ActiveCfg = Debug|Any CPU
		{AB606A79-6B60-4AF8-880E-9CE311C01BA5}.Debug|Any CPU.Build.0 = Debug|Any CPU
		{AB606A79-6B60-4AF8-880E-9CE311C01BA5}.Release|Any CPU.ActiveCfg = Release|Any CPU
		{AB606A79-6B60-4AF8-880E-9CE311C01BA5}.Release|Any CPU.Build.0 = Release|Any CPU
		{58F9B10E-BDCA-4408-A494-7AF399E56BB9}.Debug|Any CPU.ActiveCfg = Debug|Any CPU
		{58F9B10E-BDCA-4408-A494-7AF399E56BB9}.Debug|Any CPU.Build.0 = Debug|Any CPU
		{58F9B10E-BDCA-4408-A494-7AF399E56BB9}.Release|Any CPU.ActiveCfg = Release|Any CPU
		{58F9B10E-BDCA-4408-A494-7AF399E56BB9}.Release|Any CPU.Build.0 = Release|Any CPU
	EndGlobalSection
EndGlobal
